
Microsoft Visual Studio Solution File, Format Version 12.00
# Visual Studio Version 17
VisualStudioVersion = 17.8.34330.188
MinimumVisualStudioVersion = 10.0.40219.1
Project("{FAE04EC0-301F-11D3-BF4B-00C04F79EFBC}") = "tpmodul6_1302223019", "tpmodul6_1302223019.csproj", "{AB22758A-33C1-44B9-852C-43B71C7F1D6B}"
EndProject
Global
	GlobalSection(SolutionConfigurationPlatforms) = preSolution
		Debug|Any CPU = Debug|Any CPU
		Release|Any CPU = Release|Any CPU
	EndGlobalSection
	GlobalSection(ProjectConfigurationPlatforms) = postSolution
		{AB22758A-33C1-44B9-852C-43B71C7F1D6B}.Debug|Any CPU.ActiveCfg = Debug|Any CPU
		{AB22758A-33C1-44B9-852C-43B71C7F1D6B}.Debug|Any CPU.Build.0 = Debug|Any CPU
		{AB22758A-33C1-44B9-852C-43B71C7F1D6B}.Release|Any CPU.ActiveCfg = Release|Any CPU
		{AB22758A-33C1-44B9-852C-43B71C7F1D6B}.Release|Any CPU.Build.0 = Release|Any CPU
	EndGlobalSection
	GlobalSection(SolutionProperties) = preSolution
		HideSolutionNode = FALSE
	EndGlobalSection
	GlobalSection(ExtensibilityGlobals) = postSolution
		SolutionGuid = {B045AA38-3E52-4303-B2C2-28933A02D360}
	EndGlobalSection
EndGlobal
